// !$*UTF8*$!
{
	archiveVersion = 1;
	classes = {
	};
	objectVersion = 77;
	objects = {

/* Begin PBXBuildFile section */
		A0000001 /* ClarissaKit in Frameworks */ = {isa = PBXBuildFile; productRef = A0000002 /* ClarissaKit */; };
		W0000001 /* ClarissaKit in Frameworks */ = {isa = PBXBuildFile; productRef = W0000002 /* ClarissaKit */; };
		W0000010 /* WidgetKit.framework in Frameworks */ = {isa = PBXBuildFile; fileRef = W0000011 /* WidgetKit.framework */; };
		W0000012 /* SwiftUI.framework in Frameworks */ = {isa = PBXBuildFile; fileRef = W0000013 /* SwiftUI.framework */; };
		W0000020 /* ClarissaWidgets.appex in Embed Foundation Extensions */ = {isa = PBXBuildFile; fileRef = W0000003 /* ClarissaWidgets.appex */; settings = {ATTRIBUTES = (RemoveHeadersOnCopy, ); }; };
		WA000001 /* ClarissaWatch.app in Embed Watch Content */ = {isa = PBXBuildFile; fileRef = WA000002 /* ClarissaWatch.app */; platformFilter = ios; settings = {ATTRIBUTES = (RemoveHeadersOnCopy, ); }; };
/* End PBXBuildFile section */

/* Begin PBXContainerItemProxy section */
		7EECC06D2EFB0BE8006BB322 /* PBXContainerItemProxy */ = {
			isa = PBXContainerItemProxy;
			containerPortal = A000000B /* Project object */;
			proxyType = 1;
			remoteGlobalIDString = A0000009;
			remoteInfo = Clarissa;
		};
		W0000030 /* PBXContainerItemProxy */ = {
			isa = PBXContainerItemProxy;
			containerPortal = A000000B /* Project object */;
			proxyType = 1;
			remoteGlobalIDString = W0000004;
			remoteInfo = ClarissaWidgets;
		};
		WA000010 /* PBXContainerItemProxy */ = {
			isa = PBXContainerItemProxy;
			containerPortal = A000000B /* Project object */;
			proxyType = 1;
			remoteGlobalIDString = WA000003;
			remoteInfo = ClarissaWatch;
		};
/* End PBXContainerItemProxy section */

/* Begin PBXCopyFilesBuildPhase section */
		W0000040 /* Embed Foundation Extensions */ = {
			isa = PBXCopyFilesBuildPhase;
			buildActionMask = 2147483647;
			dstPath = "";
			dstSubfolderSpec = 13;
			files = (
				W0000020 /* ClarissaWidgets.appex in Embed Foundation Extensions */,
			);
			name = "Embed Foundation Extensions";
			runOnlyForDeploymentPostprocessing = 0;
		};
		WA000020 /* Embed Watch Content */ = {
			isa = PBXCopyFilesBuildPhase;
			buildActionMask = 2147483647;
			dstPath = "$(CONTENTS_FOLDER_PATH)/Watch";
			dstSubfolderSpec = 16;
			files = (
				WA000001 /* ClarissaWatch.app in Embed Watch Content */,
			);
			name = "Embed Watch Content";
			runOnlyForDeploymentPostprocessing = 0;
		};
/* End PBXCopyFilesBuildPhase section */

/* Begin PBXFileReference section */
		7EECC0672EFB0BE8006BB322 /* ClarissaUITests.xctest */ = {isa = PBXFileReference; explicitFileType = wrapper.cfbundle; includeInIndex = 0; path = ClarissaUITests.xctest; sourceTree = BUILT_PRODUCTS_DIR; };
		A0000003 /* Clarissa.app */ = {isa = PBXFileReference; explicitFileType = wrapper.application; includeInIndex = 0; path = Clarissa.app; sourceTree = BUILT_PRODUCTS_DIR; };
		W0000003 /* ClarissaWidgets.appex */ = {isa = PBXFileReference; explicitFileType = "wrapper.app-extension"; includeInIndex = 0; path = ClarissaWidgets.appex; sourceTree = BUILT_PRODUCTS_DIR; };
		W0000011 /* WidgetKit.framework */ = {isa = PBXFileReference; lastKnownFileType = wrapper.framework; name = WidgetKit.framework; path = System/Library/Frameworks/WidgetKit.framework; sourceTree = SDKROOT; };
		W0000013 /* SwiftUI.framework */ = {isa = PBXFileReference; lastKnownFileType = wrapper.framework; name = SwiftUI.framework; path = System/Library/Frameworks/SwiftUI.framework; sourceTree = SDKROOT; };
		WA000002 /* ClarissaWatch.app */ = {isa = PBXFileReference; explicitFileType = wrapper.application; includeInIndex = 0; path = ClarissaWatch.app; sourceTree = BUILT_PRODUCTS_DIR; };
/* End PBXFileReference section */

/* Begin PBXFileSystemSynchronizedBuildFileExceptionSet section */
		A0000014 /* Exceptions for "Resources" folder in "Clarissa" target */ = {
			isa = PBXFileSystemSynchronizedBuildFileExceptionSet;
			membershipExceptions = (
				Info.plist,
			);
			target = A0000009 /* Clarissa */;
		};
		W0000051 /* Exceptions for "ClarissaWidgets" folder in "ClarissaWidgets" target */ = {
			isa = PBXFileSystemSynchronizedBuildFileExceptionSet;
			membershipExceptions = (
				Info.plist,
			);
			target = W0000004 /* ClarissaWidgets */;
		};
		WA000051 /* Exceptions for "ClarissaWatch" folder in "ClarissaWatch" target */ = {
			isa = PBXFileSystemSynchronizedBuildFileExceptionSet;
			membershipExceptions = (
				Resources/Info.plist,
			);
			target = WA000003 /* ClarissaWatch */;
		};
/* End PBXFileSystemSynchronizedBuildFileExceptionSet section */

/* Begin PBXFileSystemSynchronizedRootGroup section */
		7EECC0682EFB0BE8006BB322 /* ClarissaUITests */ = {
			isa = PBXFileSystemSynchronizedRootGroup;
			path = ClarissaUITests;
			sourceTree = "<group>";
		};
		A0000004 /* Sources/App */ = {
			isa = PBXFileSystemSynchronizedRootGroup;
			path = Sources/App;
			sourceTree = "<group>";
		};
		A0000005 /* Resources */ = {
			isa = PBXFileSystemSynchronizedRootGroup;
			exceptions = (
				A0000014 /* Exceptions for "Resources" folder in "Clarissa" target */,
			);
			path = Resources;
			sourceTree = "<group>";
		};
		W0000050 /* ClarissaWidgets */ = {
			isa = PBXFileSystemSynchronizedRootGroup;
			exceptions = (
				W0000051 /* Exceptions for "ClarissaWidgets" folder in "ClarissaWidgets" target */,
			);
			path = ClarissaWidgets;
			sourceTree = "<group>";
		};
		WA000050 /* ClarissaWatch */ = {
			isa = PBXFileSystemSynchronizedRootGroup;
			exceptions = (
				WA000051 /* Exceptions for "ClarissaWatch" folder in "ClarissaWatch" target */,
			);
			path = ClarissaWatch;
			sourceTree = "<group>";
		};
		WS000001 /* Sources/Watch */ = {
			isa = PBXFileSystemSynchronizedRootGroup;
			path = Sources/Watch;
			sourceTree = "<group>";
		};
/* End PBXFileSystemSynchronizedRootGroup section */

/* Begin PBXFrameworksBuildPhase section */
		7EECC0642EFB0BE8006BB322 /* Frameworks */ = {
			isa = PBXFrameworksBuildPhase;
			buildActionMask = 2147483647;
			files = (
			);
			runOnlyForDeploymentPostprocessing = 0;
		};
		A0000006 /* Frameworks */ = {
			isa = PBXFrameworksBuildPhase;
			buildActionMask = 2147483647;
			files = (
				A0000001 /* ClarissaKit in Frameworks */,
			);
			runOnlyForDeploymentPostprocessing = 0;
		};
		W0000060 /* Frameworks */ = {
			isa = PBXFrameworksBuildPhase;
			buildActionMask = 2147483647;
			files = (
				W0000010 /* WidgetKit.framework in Frameworks */,
				W0000012 /* SwiftUI.framework in Frameworks */,
				W0000001 /* ClarissaKit in Frameworks */,
			);
			runOnlyForDeploymentPostprocessing = 0;
		};
		WA000060 /* Frameworks */ = {
			isa = PBXFrameworksBuildPhase;
			buildActionMask = 2147483647;
			files = (
			);
			runOnlyForDeploymentPostprocessing = 0;
		};
/* End PBXFrameworksBuildPhase section */

/* Begin PBXGroup section */
		A0000007 = {
			isa = PBXGroup;
			children = (
				A0000004 /* Sources/App */,
				WS000001 /* Sources/Watch */,
				A0000005 /* Resources */,
				W0000050 /* ClarissaWidgets */,
				WA000050 /* ClarissaWatch */,
				7EECC0682EFB0BE8006BB322 /* ClarissaUITests */,
				W0000070 /* Frameworks */,
				A0000008 /* Products */,
			);
			sourceTree = "<group>";
		};
		A0000008 /* Products */ = {
			isa = PBXGroup;
			children = (
				A0000003 /* Clarissa.app */,
				W0000003 /* ClarissaWidgets.appex */,
				WA000002 /* ClarissaWatch.app */,
				7EECC0672EFB0BE8006BB322 /* ClarissaUITests.xctest */,
			);
			name = Products;
			sourceTree = "<group>";
		};
		W0000070 /* Frameworks */ = {
			isa = PBXGroup;
			children = (
				W0000011 /* WidgetKit.framework */,
				W0000013 /* SwiftUI.framework */,
			);
			name = Frameworks;
			sourceTree = "<group>";
		};
/* End PBXGroup section */

/* Begin PBXNativeTarget section */
		7EECC0662EFB0BE8006BB322 /* ClarissaUITests */ = {
			isa = PBXNativeTarget;
			buildConfigurationList = 7EECC0712EFB0BE8006BB322 /* Build configuration list for PBXNativeTarget "ClarissaUITests" */;
			buildPhases = (
				7EECC0632EFB0BE8006BB322 /* Sources */,
				7EECC0642EFB0BE8006BB322 /* Frameworks */,
				7EECC0652EFB0BE8006BB322 /* Resources */,
			);
			buildRules = (
			);
			dependencies = (
				7EECC06E2EFB0BE8006BB322 /* PBXTargetDependency */,
			);
			fileSystemSynchronizedGroups = (
				7EECC0682EFB0BE8006BB322 /* ClarissaUITests */,
			);
			name = ClarissaUITests;
			packageProductDependencies = (
			);
			productName = ClarissaUITests;
			productReference = 7EECC0672EFB0BE8006BB322 /* ClarissaUITests.xctest */;
			productType = "com.apple.product-type.bundle.ui-testing";
		};
		A0000009 /* Clarissa */ = {
			isa = PBXNativeTarget;
			buildConfigurationList = A000000A /* Build configuration list for PBXNativeTarget "Clarissa" */;
			buildPhases = (
				A0000012 /* Sources */,
				A0000006 /* Frameworks */,
				A0000013 /* Resources */,
				W0000040 /* Embed Foundation Extensions */,
				WA000020 /* Embed Watch Content */,
			);
			buildRules = (
			);
			dependencies = (
				W0000031 /* PBXTargetDependency */,
				WA000011 /* PBXTargetDependency */,
			);
			fileSystemSynchronizedGroups = (
				A0000004 /* Sources/App */,
				A0000005 /* Resources */,
				WS000001 /* Sources/Watch */,
			);
			name = Clarissa;
			packageProductDependencies = (
				A0000002 /* ClarissaKit */,
			);
			productName = Clarissa;
			productReference = A0000003 /* Clarissa.app */;
			productType = "com.apple.product-type.application";
		};
		W0000004 /* ClarissaWidgets */ = {
			isa = PBXNativeTarget;
			buildConfigurationList = W0000080 /* Build configuration list for PBXNativeTarget "ClarissaWidgets" */;
			buildPhases = (
				W0000061 /* Sources */,
				W0000060 /* Frameworks */,
				W0000062 /* Resources */,
			);
			buildRules = (
			);
			dependencies = (
			);
			fileSystemSynchronizedGroups = (
				W0000050 /* ClarissaWidgets */,
			);
			name = ClarissaWidgets;
			packageProductDependencies = (
				W0000002 /* ClarissaKit */,
			);
			productName = ClarissaWidgets;
			productReference = W0000003 /* ClarissaWidgets.appex */;
			productType = "com.apple.product-type.app-extension";
		};
		WA000003 /* ClarissaWatch */ = {
			isa = PBXNativeTarget;
			buildConfigurationList = WA000080 /* Build configuration list for PBXNativeTarget "ClarissaWatch" */;
			buildPhases = (
				WA000061 /* Sources */,
				WA000060 /* Frameworks */,
				WA000062 /* Resources */,
			);
			buildRules = (
			);
			dependencies = (
			);
			fileSystemSynchronizedGroups = (
				WA000050 /* ClarissaWatch */,
			);
			name = ClarissaWatch;
			packageProductDependencies = (
			);
			productName = ClarissaWatch;
			productReference = WA000002 /* ClarissaWatch.app */;
			productType = "com.apple.product-type.application";
		};
/* End PBXNativeTarget section */

/* Begin PBXProject section */
		A000000B /* Project object */ = {
			isa = PBXProject;
			attributes = {
				BuildIndependentTargetsInParallel = 1;
				LastSwiftUpdateCheck = 2620;
				LastUpgradeCheck = 2620;
				TargetAttributes = {
					7EECC0662EFB0BE8006BB322 = {
						CreatedOnToolsVersion = 26.2;
						TestTargetID = A0000009;
					};
					A0000009 = {
						CreatedOnToolsVersion = 16.2;
					};
					W0000004 = {
						CreatedOnToolsVersion = 26.2;
					};
					WA000003 = {
						CreatedOnToolsVersion = 26.2;
					};
				};
			};
			buildConfigurationList = A000000C /* Build configuration list for PBXProject "Clarissa" */;
			developmentRegion = en;
			hasScannedForEncodings = 0;
			knownRegions = (
				en,
				Base,
			);
			mainGroup = A0000007;
			minimizedProjectReferenceProxies = 1;
			packageReferences = (
				A0000011 /* XCLocalSwiftPackageReference "." */,
			);
			preferredProjectObjectVersion = 77;
			productRefGroup = A0000008 /* Products */;
			projectDirPath = "";
			projectRoot = "";
			targets = (
				A0000009 /* Clarissa */,
				W0000004 /* ClarissaWidgets */,
				WA000003 /* ClarissaWatch */,
				7EECC0662EFB0BE8006BB322 /* ClarissaUITests */,
			);
		};
/* End PBXProject section */

/* Begin PBXResourcesBuildPhase section */
		7EECC0652EFB0BE8006BB322 /* Resources */ = {
			isa = PBXResourcesBuildPhase;
			buildActionMask = 2147483647;
			files = (
			);
			runOnlyForDeploymentPostprocessing = 0;
		};
		A0000013 /* Resources */ = {
			isa = PBXResourcesBuildPhase;
			buildActionMask = 2147483647;
			files = (
			);
			runOnlyForDeploymentPostprocessing = 0;
		};
		W0000062 /* Resources */ = {
			isa = PBXResourcesBuildPhase;
			buildActionMask = 2147483647;
			files = (
			);
			runOnlyForDeploymentPostprocessing = 0;
		};
		WA000062 /* Resources */ = {
			isa = PBXResourcesBuildPhase;
			buildActionMask = 2147483647;
			files = (
			);
			runOnlyForDeploymentPostprocessing = 0;
		};
/* End PBXResourcesBuildPhase section */

/* Begin PBXSourcesBuildPhase section */
		7EECC0632EFB0BE8006BB322 /* Sources */ = {
			isa = PBXSourcesBuildPhase;
			buildActionMask = 2147483647;
			files = (
			);
			runOnlyForDeploymentPostprocessing = 0;
		};
		A0000012 /* Sources */ = {
			isa = PBXSourcesBuildPhase;
			buildActionMask = 2147483647;
			files = (
			);
			runOnlyForDeploymentPostprocessing = 0;
		};
		W0000061 /* Sources */ = {
			isa = PBXSourcesBuildPhase;
			buildActionMask = 2147483647;
			files = (
			);
			runOnlyForDeploymentPostprocessing = 0;
		};
		WA000061 /* Sources */ = {
			isa = PBXSourcesBuildPhase;
			buildActionMask = 2147483647;
			files = (
			);
			runOnlyForDeploymentPostprocessing = 0;
		};
/* End PBXSourcesBuildPhase section */

/* Begin PBXTargetDependency section */
		7EECC06E2EFB0BE8006BB322 /* PBXTargetDependency */ = {
			isa = PBXTargetDependency;
			target = A0000009 /* Clarissa */;
			targetProxy = 7EECC06D2EFB0BE8006BB322 /* PBXContainerItemProxy */;
		};
		W0000031 /* PBXTargetDependency */ = {
			isa = PBXTargetDependency;
			target = W0000004 /* ClarissaWidgets */;
			targetProxy = W0000030 /* PBXContainerItemProxy */;
		};
		WA000011 /* PBXTargetDependency */ = {
			isa = PBXTargetDependency;
			platformFilter = ios;
			target = WA000003 /* ClarissaWatch */;
			targetProxy = WA000010 /* PBXContainerItemProxy */;
		};
/* End PBXTargetDependency section */

/* Begin XCBuildConfiguration section */
		7EECC06F2EFB0BE8006BB322 /* Debug */ = {
			isa = XCBuildConfiguration;
			buildSettings = {
				CLANG_ANALYZER_NUMBER_OBJECT_CONVERSION = YES_AGGRESSIVE;
				CLANG_ENABLE_OBJC_WEAK = YES;
				CLANG_WARN_UNGUARDED_AVAILABILITY = YES_AGGRESSIVE;
				CODE_SIGN_STYLE = Automatic;
				CURRENT_PROJECT_VERSION = 1;
				DEVELOPMENT_TEAM = SDRCMNG666;
				GCC_C_LANGUAGE_STANDARD = gnu17;
				GCC_PREPROCESSOR_DEFINITIONS = (
					"DEBUG=1",
					"$(inherited)",
				);
				GENERATE_INFOPLIST_FILE = YES;
				IPHONEOS_DEPLOYMENT_TARGET = 26.2;
				LOCALIZATION_PREFERS_STRING_CATALOGS = YES;
				MARKETING_VERSION = 1.0;
				PRODUCT_BUNDLE_IDENTIFIER = dev.rye.ClarissaUITests;
				PRODUCT_NAME = "$(TARGET_NAME)";
				SDKROOT = iphoneos;
				STRING_CATALOG_GENERATE_SYMBOLS = NO;
				SWIFT_APPROACHABLE_CONCURRENCY = YES;
				SWIFT_EMIT_LOC_STRINGS = NO;
				SWIFT_UPCOMING_FEATURE_MEMBER_IMPORT_VISIBILITY = YES;
				SWIFT_VERSION = 5.0;
				TARGETED_DEVICE_FAMILY = "1,2";
				TEST_TARGET_NAME = Clarissa;
			};
			name = Debug;
		};
		7EECC0702EFB0BE8006BB322 /* Release */ = {
			isa = XCBuildConfiguration;
			buildSettings = {
				CLANG_ANALYZER_NUMBER_OBJECT_CONVERSION = YES_AGGRESSIVE;
				CLANG_ENABLE_OBJC_WEAK = YES;
				CLANG_WARN_UNGUARDED_AVAILABILITY = YES_AGGRESSIVE;
				CODE_SIGN_STYLE = Automatic;
				CURRENT_PROJECT_VERSION = 1;
				DEVELOPMENT_TEAM = SDRCMNG666;
				GCC_C_LANGUAGE_STANDARD = gnu17;
				GENERATE_INFOPLIST_FILE = YES;
				IPHONEOS_DEPLOYMENT_TARGET = 26.2;
				LOCALIZATION_PREFERS_STRING_CATALOGS = YES;
				MARKETING_VERSION = 1.0;
				PRODUCT_BUNDLE_IDENTIFIER = dev.rye.ClarissaUITests;
				PRODUCT_NAME = "$(TARGET_NAME)";
				SDKROOT = iphoneos;
				STRING_CATALOG_GENERATE_SYMBOLS = NO;
				SWIFT_APPROACHABLE_CONCURRENCY = YES;
				SWIFT_EMIT_LOC_STRINGS = NO;
				SWIFT_UPCOMING_FEATURE_MEMBER_IMPORT_VISIBILITY = YES;
				SWIFT_VERSION = 5.0;
				TARGETED_DEVICE_FAMILY = "1,2";
				TEST_TARGET_NAME = Clarissa;
			};
			name = Release;
		};
		A000000D /* Debug */ = {
			isa = XCBuildConfiguration;
			buildSettings = {
				ALWAYS_SEARCH_USER_PATHS = NO;
				ASSETCATALOG_COMPILER_GENERATE_SWIFT_ASSET_SYMBOL_EXTENSIONS = YES;
				CLANG_ANALYZER_NONNULL = YES;
				CLANG_CXX_LANGUAGE_STANDARD = "gnu++20";
				CLANG_ENABLE_MODULES = YES;
				CLANG_ENABLE_OBJC_ARC = YES;
				CLANG_WARN_BLOCK_CAPTURE_AUTORELEASING = YES;
				CLANG_WARN_BOOL_CONVERSION = YES;
				CLANG_WARN_COMMA = YES;
				CLANG_WARN_CONSTANT_CONVERSION = YES;
				CLANG_WARN_DEPRECATED_OBJC_IMPLEMENTATIONS = YES;
				CLANG_WARN_DIRECT_OBJC_ISA_USAGE = YES_ERROR;
				CLANG_WARN_DOCUMENTATION_COMMENTS = YES;
				CLANG_WARN_EMPTY_BODY = YES;
				CLANG_WARN_ENUM_CONVERSION = YES;
				CLANG_WARN_INFINITE_RECURSION = YES;
				CLANG_WARN_INT_CONVERSION = YES;
				CLANG_WARN_NON_LITERAL_NULL_CONVERSION = YES;
				CLANG_WARN_OBJC_IMPLICIT_RETAIN_SELF = YES;
				CLANG_WARN_OBJC_LITERAL_CONVERSION = YES;
				CLANG_WARN_OBJC_ROOT_CLASS = YES_ERROR;
				CLANG_WARN_QUOTED_INCLUDE_IN_FRAMEWORK_HEADER = YES;
				CLANG_WARN_RANGE_LOOP_ANALYSIS = YES;
				CLANG_WARN_STRICT_PROTOTYPES = YES;
				CLANG_WARN_SUSPICIOUS_MOVE = YES;
				CLANG_WARN_UNREACHABLE_CODE = YES;
				CLANG_WARN__DUPLICATE_METHOD_MATCH = YES;
				COPY_PHASE_STRIP = NO;
				DEBUG_INFORMATION_FORMAT = dwarf;
				DEVELOPMENT_TEAM = SDRCMNG666;
				ENABLE_STRICT_OBJC_MSGSEND = YES;
				ENABLE_TESTABILITY = YES;
				ENABLE_USER_SCRIPT_SANDBOXING = YES;
				GCC_DYNAMIC_NO_PIC = NO;
				GCC_NO_COMMON_BLOCKS = YES;
				GCC_OPTIMIZATION_LEVEL = 0;
				GCC_WARN_64_TO_32_BIT_CONVERSION = YES;
				GCC_WARN_ABOUT_RETURN_TYPE = YES_ERROR;
				GCC_WARN_UNDECLARED_SELECTOR = YES;
				GCC_WARN_UNINITIALIZED_AUTOS = YES_AGGRESSIVE;
				GCC_WARN_UNUSED_FUNCTION = YES;
				GCC_WARN_UNUSED_VARIABLE = YES;
				IPHONEOS_DEPLOYMENT_TARGET = 26.0;
				MACOSX_DEPLOYMENT_TARGET = 26.0;
				MTL_ENABLE_DEBUG_INFO = INCLUDE_SOURCE;
				MTL_FAST_MATH = YES;
				ONLY_ACTIVE_ARCH = YES;
				SDKROOT = auto;
				STRING_CATALOG_GENERATE_SYMBOLS = YES;
				SUPPORTED_PLATFORMS = "iphoneos iphonesimulator macosx watchos watchsimulator";
				SUPPORTS_MACS_DESIGNED_FOR_IPHONE_IPAD = YES;
				SWIFT_ACTIVE_COMPILATION_CONDITIONS = "DEBUG $(inherited)";
				SWIFT_OPTIMIZATION_LEVEL = "-Onone";
				SWIFT_VERSION = 6.0;
			};
			name = Debug;
		};
		A000000E /* Release */ = {
			isa = XCBuildConfiguration;
			buildSettings = {
				ALWAYS_SEARCH_USER_PATHS = NO;
				ASSETCATALOG_COMPILER_GENERATE_SWIFT_ASSET_SYMBOL_EXTENSIONS = YES;
				CLANG_ANALYZER_NONNULL = YES;
				CLANG_CXX_LANGUAGE_STANDARD = "gnu++20";
				CLANG_ENABLE_MODULES = YES;
				CLANG_ENABLE_OBJC_ARC = YES;
				CLANG_WARN_BLOCK_CAPTURE_AUTORELEASING = YES;
				CLANG_WARN_BOOL_CONVERSION = YES;
				CLANG_WARN_COMMA = YES;
				CLANG_WARN_CONSTANT_CONVERSION = YES;
				CLANG_WARN_DEPRECATED_OBJC_IMPLEMENTATIONS = YES;
				CLANG_WARN_DIRECT_OBJC_ISA_USAGE = YES_ERROR;
				CLANG_WARN_DOCUMENTATION_COMMENTS = YES;
				CLANG_WARN_EMPTY_BODY = YES;
				CLANG_WARN_ENUM_CONVERSION = YES;
				CLANG_WARN_INFINITE_RECURSION = YES;
				CLANG_WARN_INT_CONVERSION = YES;
				CLANG_WARN_NON_LITERAL_NULL_CONVERSION = YES;
				CLANG_WARN_OBJC_IMPLICIT_RETAIN_SELF = YES;
				CLANG_WARN_OBJC_LITERAL_CONVERSION = YES;
				CLANG_WARN_OBJC_ROOT_CLASS = YES_ERROR;
				CLANG_WARN_QUOTED_INCLUDE_IN_FRAMEWORK_HEADER = YES;
				CLANG_WARN_RANGE_LOOP_ANALYSIS = YES;
				CLANG_WARN_STRICT_PROTOTYPES = YES;
				CLANG_WARN_SUSPICIOUS_MOVE = YES;
				CLANG_WARN_UNREACHABLE_CODE = YES;
				CLANG_WARN__DUPLICATE_METHOD_MATCH = YES;
				COPY_PHASE_STRIP = NO;
				DEBUG_INFORMATION_FORMAT = "dwarf-with-dsym";
				DEVELOPMENT_TEAM = SDRCMNG666;
				ENABLE_NS_ASSERTIONS = NO;
				ENABLE_STRICT_OBJC_MSGSEND = YES;
				ENABLE_USER_SCRIPT_SANDBOXING = YES;
				GCC_NO_COMMON_BLOCKS = YES;
				GCC_WARN_64_TO_32_BIT_CONVERSION = YES;
				GCC_WARN_ABOUT_RETURN_TYPE = YES_ERROR;
				GCC_WARN_UNDECLARED_SELECTOR = YES;
				GCC_WARN_UNINITIALIZED_AUTOS = YES_AGGRESSIVE;
				GCC_WARN_UNUSED_FUNCTION = YES;
				GCC_WARN_UNUSED_VARIABLE = YES;
				IPHONEOS_DEPLOYMENT_TARGET = 26.0;
				MACOSX_DEPLOYMENT_TARGET = 26.0;
				MTL_ENABLE_DEBUG_INFO = NO;
				MTL_FAST_MATH = YES;
				SDKROOT = auto;
				STRING_CATALOG_GENERATE_SYMBOLS = YES;
				SUPPORTED_PLATFORMS = "iphoneos iphonesimulator macosx watchos watchsimulator";
				SUPPORTS_MACS_DESIGNED_FOR_IPHONE_IPAD = YES;
				SWIFT_COMPILATION_MODE = wholemodule;
				SWIFT_VERSION = 6.0;
				VALIDATE_PRODUCT = YES;
			};
			name = Release;
		};
		A000000F /* Debug */ = {
			isa = XCBuildConfiguration;
			buildSettings = {
				ASSETCATALOG_COMPILER_APPICON_NAME = AppIcon;
				CODE_SIGN_ENTITLEMENTS = Resources/Clarissa.entitlements;
				"CODE_SIGN_ENTITLEMENTS[sdk=iphoneos*]" = "Resources/Clarissa-iOS.entitlements";
				"CODE_SIGN_ENTITLEMENTS[sdk=macosx*]" = "Resources/Clarissa-macOS.entitlements";
				CODE_SIGN_STYLE = Automatic;
				CURRENT_PROJECT_VERSION = 2;
				ENABLE_HARDENED_RUNTIME = YES;
				GENERATE_INFOPLIST_FILE = NO;
				INFOPLIST_FILE = Resources/Info.plist;
				"INFOPLIST_KEY_UIApplicationSceneManifest_Generation[sdk=iphoneos*]" = YES;
				"INFOPLIST_KEY_UIApplicationSceneManifest_Generation[sdk=iphonesimulator*]" = YES;
				"INFOPLIST_KEY_UIApplicationSupportsIndirectInputEvents[sdk=iphoneos*]" = YES;
				"INFOPLIST_KEY_UIApplicationSupportsIndirectInputEvents[sdk=iphonesimulator*]" = YES;
				"INFOPLIST_KEY_UILaunchScreen_Generation[sdk=iphoneos*]" = YES;
				"INFOPLIST_KEY_UILaunchScreen_Generation[sdk=iphonesimulator*]" = YES;
				"LD_RUNPATH_SEARCH_PATHS[sdk=iphoneos*]" = (
					"$(inherited)",
					"@executable_path/Frameworks",
				);
				"LD_RUNPATH_SEARCH_PATHS[sdk=iphonesimulator*]" = (
					"$(inherited)",
					"@executable_path/Frameworks",
				);
				"LD_RUNPATH_SEARCH_PATHS[sdk=macosx*]" = (
					"$(inherited)",
					"@executable_path/../Frameworks",
				);
				MARKETING_VERSION = 1.0.0;
				PRODUCT_BUNDLE_IDENTIFIER = dev.rye.clarissa;
				PRODUCT_NAME = "$(TARGET_NAME)";
				SWIFT_EMIT_LOC_STRINGS = YES;
				SWIFT_VERSION = 6.0;
				TARGETED_DEVICE_FAMILY = "1,2";
			};
			name = Debug;
		};
		A0000010 /* Release */ = {
			isa = XCBuildConfiguration;
			buildSettings = {
				ASSETCATALOG_COMPILER_APPICON_NAME = AppIcon;
				CODE_SIGN_ENTITLEMENTS = Resources/Clarissa.entitlements;
				"CODE_SIGN_ENTITLEMENTS[sdk=iphoneos*]" = "Resources/Clarissa-iOS.entitlements";
				"CODE_SIGN_ENTITLEMENTS[sdk=macosx*]" = "Resources/Clarissa-macOS.entitlements";
				CODE_SIGN_STYLE = Automatic;
				CURRENT_PROJECT_VERSION = 2;
				ENABLE_HARDENED_RUNTIME = YES;
				GENERATE_INFOPLIST_FILE = NO;
				INFOPLIST_FILE = Resources/Info.plist;
				"INFOPLIST_KEY_UIApplicationSceneManifest_Generation[sdk=iphoneos*]" = YES;
				"INFOPLIST_KEY_UIApplicationSceneManifest_Generation[sdk=iphonesimulator*]" = YES;
				"INFOPLIST_KEY_UIApplicationSupportsIndirectInputEvents[sdk=iphoneos*]" = YES;
				"INFOPLIST_KEY_UIApplicationSupportsIndirectInputEvents[sdk=iphonesimulator*]" = YES;
				"INFOPLIST_KEY_UILaunchScreen_Generation[sdk=iphoneos*]" = YES;
				"INFOPLIST_KEY_UILaunchScreen_Generation[sdk=iphonesimulator*]" = YES;
				"LD_RUNPATH_SEARCH_PATHS[sdk=iphoneos*]" = (
					"$(inherited)",
					"@executable_path/Frameworks",
				);
				"LD_RUNPATH_SEARCH_PATHS[sdk=iphonesimulator*]" = (
					"$(inherited)",
					"@executable_path/Frameworks",
				);
				"LD_RUNPATH_SEARCH_PATHS[sdk=macosx*]" = (
					"$(inherited)",
					"@executable_path/../Frameworks",
				);
				MARKETING_VERSION = 1.0.0;
				PRODUCT_BUNDLE_IDENTIFIER = dev.rye.clarissa;
				PRODUCT_NAME = "$(TARGET_NAME)";
				SWIFT_EMIT_LOC_STRINGS = YES;
				SWIFT_VERSION = 6.0;
				TARGETED_DEVICE_FAMILY = "1,2";
			};
			name = Release;
		};
		W0000081 /* Debug */ = {
			isa = XCBuildConfiguration;
			buildSettings = {
				ASSETCATALOG_COMPILER_GLOBAL_ACCENT_COLOR_NAME = AccentColor;
				ASSETCATALOG_COMPILER_WIDGET_BACKGROUND_COLOR_NAME = WidgetBackground;
				CODE_SIGN_ENTITLEMENTS = ClarissaWidgets/ClarissaWidgets.entitlements;
				CODE_SIGN_STYLE = Automatic;
				CURRENT_PROJECT_VERSION = 2;
				DEVELOPMENT_TEAM = SDRCMNG666;
				GENERATE_INFOPLIST_FILE = YES;
				INFOPLIST_FILE = ClarissaWidgets/Info.plist;
				INFOPLIST_KEY_CFBundleDisplayName = "Clarissa Widgets";
				INFOPLIST_KEY_NSHumanReadableCopyright = "";
				IPHONEOS_DEPLOYMENT_TARGET = 26.0;
				LD_RUNPATH_SEARCH_PATHS = (
					"$(inherited)",
					"@executable_path/Frameworks",
					"@executable_path/../../Frameworks",
				);
				MARKETING_VERSION = 1.0.0;
				PRODUCT_BUNDLE_IDENTIFIER = dev.rye.clarissa.widgets;
				PRODUCT_NAME = "$(TARGET_NAME)";
				SDKROOT = iphoneos;
				SKIP_INSTALL = YES;
				SWIFT_EMIT_LOC_STRINGS = YES;
				SWIFT_VERSION = 6.0;
				TARGETED_DEVICE_FAMILY = "1,2";
			};
			name = Debug;
		};
		W0000082 /* Release */ = {
			isa = XCBuildConfiguration;
			buildSettings = {
				ASSETCATALOG_COMPILER_GLOBAL_ACCENT_COLOR_NAME = AccentColor;
				ASSETCATALOG_COMPILER_WIDGET_BACKGROUND_COLOR_NAME = WidgetBackground;
				CODE_SIGN_ENTITLEMENTS = ClarissaWidgets/ClarissaWidgets.entitlements;
				CODE_SIGN_STYLE = Automatic;
				CURRENT_PROJECT_VERSION = 2;
				DEVELOPMENT_TEAM = SDRCMNG666;
				GENERATE_INFOPLIST_FILE = YES;
				INFOPLIST_FILE = ClarissaWidgets/Info.plist;
				INFOPLIST_KEY_CFBundleDisplayName = "Clarissa Widgets";
				INFOPLIST_KEY_NSHumanReadableCopyright = "";
				IPHONEOS_DEPLOYMENT_TARGET = 26.0;
				LD_RUNPATH_SEARCH_PATHS = (
					"$(inherited)",
					"@executable_path/Frameworks",
					"@executable_path/../../Frameworks",
				);
				MARKETING_VERSION = 1.0.0;
				PRODUCT_BUNDLE_IDENTIFIER = dev.rye.clarissa.widgets;
				PRODUCT_NAME = "$(TARGET_NAME)";
				SDKROOT = iphoneos;
				SKIP_INSTALL = YES;
				SWIFT_EMIT_LOC_STRINGS = YES;
				SWIFT_VERSION = 6.0;
				TARGETED_DEVICE_FAMILY = "1,2";
			};
			name = Release;
		};
		WA000081 /* Debug */ = {
			isa = XCBuildConfiguration;
			buildSettings = {
				ASSETCATALOG_COMPILER_APPICON_NAME = AppIcon;
				ASSETCATALOG_COMPILER_GLOBAL_ACCENT_COLOR_NAME = AccentColor;
				CODE_SIGN_STYLE = Automatic;
				CURRENT_PROJECT_VERSION = 2;
				DEVELOPMENT_TEAM = SDRCMNG666;
				GENERATE_INFOPLIST_FILE = NO;
				INFOPLIST_FILE = ClarissaWatch/Resources/Info.plist;
				INFOPLIST_KEY_CFBundleDisplayName = Clarissa;
				INFOPLIST_KEY_UISupportedInterfaceOrientations = "UIInterfaceOrientationPortrait UIInterfaceOrientationPortraitUpsideDown";
				INFOPLIST_KEY_WKCompanionAppBundleIdentifier = dev.rye.clarissa;
				LD_RUNPATH_SEARCH_PATHS = (
					"$(inherited)",
					"@executable_path/Frameworks",
				);
				MARKETING_VERSION = 1.0.0;
				PRODUCT_BUNDLE_IDENTIFIER = dev.rye.clarissa.watchkitapp;
				PRODUCT_NAME = "$(TARGET_NAME)";
				SDKROOT = watchos;
				SKIP_INSTALL = YES;
				SUPPORTED_PLATFORMS = "watchos watchsimulator";
				SWIFT_EMIT_LOC_STRINGS = YES;
				SWIFT_VERSION = 6.0;
				TARGETED_DEVICE_FAMILY = 4;
				WATCHOS_DEPLOYMENT_TARGET = 26.0;
			};
			name = Debug;
		};
		WA000082 /* Release */ = {
			isa = XCBuildConfiguration;
			buildSettings = {
				ASSETCATALOG_COMPILER_APPICON_NAME = AppIcon;
				ASSETCATALOG_COMPILER_GLOBAL_ACCENT_COLOR_NAME = AccentColor;
				CODE_SIGN_STYLE = Automatic;
				CURRENT_PROJECT_VERSION = 2;
				DEVELOPMENT_TEAM = SDRCMNG666;
				GENERATE_INFOPLIST_FILE = NO;
				INFOPLIST_FILE = ClarissaWatch/Resources/Info.plist;
				INFOPLIST_KEY_CFBundleDisplayName = Clarissa;
				INFOPLIST_KEY_UISupportedInterfaceOrientations = "UIInterfaceOrientationPortrait UIInterfaceOrientationPortraitUpsideDown";
				INFOPLIST_KEY_WKCompanionAppBundleIdentifier = dev.rye.clarissa;
				LD_RUNPATH_SEARCH_PATHS = (
					"$(inherited)",
					"@executable_path/Frameworks",
				);
				MARKETING_VERSION = 1.0.0;
				PRODUCT_BUNDLE_IDENTIFIER = dev.rye.clarissa.watchkitapp;
				PRODUCT_NAME = "$(TARGET_NAME)";
				SDKROOT = watchos;
				SKIP_INSTALL = YES;
				SUPPORTED_PLATFORMS = "watchos watchsimulator";
				SWIFT_EMIT_LOC_STRINGS = YES;
				SWIFT_VERSION = 6.0;
				TARGETED_DEVICE_FAMILY = 4;
				WATCHOS_DEPLOYMENT_TARGET = 26.0;
			};
			name = Release;
		};
/* End XCBuildConfiguration section */

/* Begin XCConfigurationList section */
		7EECC0712EFB0BE8006BB322 /* Build configuration list for PBXNativeTarget "ClarissaUITests" */ = {
			isa = XCConfigurationList;
			buildConfigurations = (
				7EECC06F2EFB0BE8006BB322 /* Debug */,
				7EECC0702EFB0BE8006BB322 /* Release */,
			);
			defaultConfigurationIsVisible = 0;
			defaultConfigurationName = Release;
		};
		A000000A /* Build configuration list for PBXNativeTarget "Clarissa" */ = {
			isa = XCConfigurationList;
			buildConfigurations = (
				A000000F /* Debug */,
				A0000010 /* Release */,
			);
			defaultConfigurationIsVisible = 0;
			defaultConfigurationName = Release;
		};
		A000000C /* Build configuration list for PBXProject "Clarissa" */ = {
			isa = XCConfigurationList;
			buildConfigurations = (
				A000000D /* Debug */,
				A000000E /* Release */,
			);
			defaultConfigurationIsVisible = 0;
			defaultConfigurationName = Release;
		};
		W0000080 /* Build configuration list for PBXNativeTarget "ClarissaWidgets" */ = {
			isa = XCConfigurationList;
			buildConfigurations = (
				W0000081 /* Debug */,
				W0000082 /* Release */,
			);
			defaultConfigurationIsVisible = 0;
			defaultConfigurationName = Release;
		};
		WA000080 /* Build configuration list for PBXNativeTarget "ClarissaWatch" */ = {
			isa = XCConfigurationList;
			buildConfigurations = (
				WA000081 /* Debug */,
				WA000082 /* Release */,
			);
			defaultConfigurationIsVisible = 0;
			defaultConfigurationName = Release;
		};
/* End XCConfigurationList section */

/* Begin XCLocalSwiftPackageReference section */
		A0000011 /* XCLocalSwiftPackageReference "." */ = {
			isa = XCLocalSwiftPackageReference;
			relativePath = .;
		};
/* End XCLocalSwiftPackageReference section */

/* Begin XCSwiftPackageProductDependency section */
		A0000002 /* ClarissaKit */ = {
			isa = XCSwiftPackageProductDependency;
			package = A0000011 /* XCLocalSwiftPackageReference "." */;
			productName = ClarissaKit;
		};
		W0000002 /* ClarissaKit */ = {
			isa = XCSwiftPackageProductDependency;
			package = A0000011 /* XCLocalSwiftPackageReference "." */;
			productName = ClarissaKit;
		};
/* End XCSwiftPackageProductDependency section */
	};
	rootObject = A000000B /* Project object */;
}
